github.com/briandowns/spinner v0.0.0-20170614154858-48dbb65d7bd5 h1:osZyZB7J4kE1tKLeaUjV6+uZVBfS835T0I/RxmwWw1w=
github.com/briandowns/spinner v0.0.0-20170614154858-48dbb65d7bd5/go.mod h1:hw/JEQBIE+c/BLI4aKM8UU8v+ZqrD3h7HC27kKt8JQU=
github.com/davecgh/go-spew v1.1.0 h1:ZDRjVQ15GmhC3fiQ8ni8+OwkZQO4DARzQgrnXU1Liz8=
github.com/davecgh/go-spew v1.1.0/go.mod h1:J7Y8YcW2NihsgmVo/mv3lAwl/skON4iLHjSsI+c5H38=
github.com/fatih/color v0.0.0-20170804150406-67c513e5729f h1:19xVx+zJVP2Gp8G7MyimriIVA/q2L13wGC8NfMWdwTI=
github.com/fatih/color v0.0.0-20170804150406-67c513e5729f/go.mod h1:Zm6kSWBoL9eyXnKyktHP6abPY2pDugNf5KwzbycvMj4=
github.com/gonum/blas v0.0.0-20170728112917-37e82626499e h1:VScL7slL7Uf+8QD9dB4p4/JyE028bsbeEbW1pCXHiK8=
github.com/gonum/blas v0.0.0-20170728112917-37e82626499e/go.mod h1:P32wAyui1PQ58Oce/KYkOqQv8cVw1zAapXOl+dRFGbc=
github.com/gonum/floats v0.0.0-20170731225635-f74b330d45c5 h1:wRG8jcxY66AupHUEBNyJKouGEW/zl+luX4Ds3PF0Szo=
github.com/gonum/floats v0.0.0-20170731225635-f74b330d45c5/go.mod h1:PxC8OnwL11+aosOB5+iEPoV3picfs8tUpkVd0pDo+Kg=
github.com/gonum/internal v0.0.0-20170731230106-e57e4534cf9b h1:22XFP/9g8YrIdEAiRJu1foyAPwqqLAoRoZ1/bNOO5eI=
github.com/gonum/internal v0.0.0-20170731230106-e57e4534cf9b/go.mod h1:Pu4dmpkhSyOzRwuXkOgAvijx4o+4YMUJJo9OvPYMkks=
github.com/gonum/lapack v0.0.0-20170731225844-5ed4b826becd h1:jYB/6p/aWBbj5nN68CWOOtwmBNoeNoOG6D53J7mUQws=
github.com/gonum/lapack v0.0.0-20170731225844-5ed4b826becd/go.mod h1:XA3DeT6rxh2EAE789SSiSJNqxPaC0aE9J8NTOI0Jo/A=
github.com/gonum/matrix v0.0.0-20170731230223-dd6034299e42 h1:DbS2BJwNNuDvGrYQ09AQEu63wXBisNZ5vgSF+FJBruU=
github.com/gonum/matrix v0.0.0-20170731230223-dd6034299e42/go.mod h1:0EXg4mc1CNP0HCqCz+K4ts155PXIlUywf0wqN+GfPZw=
github.com/kniren/gota v0.8.0 h1:uuoKfetHUHRx9frmA1gB1KtQNf+IZowThcQ6CHmf+3k=
github.com/kniren/gota v0.8.0/go.mod h1:w95cKEouhCsZrpR98avELg50OeJfPGV3kkhK01Npn9w=
github.com/lithammer/fuzzysearch v1.0.2 h1:AjCE2iwc5y+8K+h2nXVc0Pmrpjvu+JVqMgiZ0oakXDM=
github.com/lithammer/fuzzysearch v1.0.2/go.mod h1:bvAJyokfCQ7Vknrd4Kgc+izmMrPj5CiBAu2t6rK1Kak=
github.com/mattn/go-colorable v0.0.0-20170816031813-ad5389df28cd h1:eYiiP5pgdf+n78BU5JFWt7yI2bpxW31L/R5Rrk8vLgs=
github.com/mattn/go-colorable v0.0.0-20170816031813-ad5389df28cd/go.mod h1:9vuHe8Xs5qXnSaW/c/ABM9alt+Vo+STaOChaDxuIBZU=
github.com/mattn/go-isatty v0.0.2 h1:F+DnWktyadxnOrohKLNUC9/GjFii5RJgY4GFG6ilggw=
github.com/mattn/go-isatty v0.0.2/go.mod h1:M+lRXTBqGeGNdLjl/ufCoiOlB5xdOkqRJdNxMWT7Zi4=
github.com/mattn/go-runewidth v0.0.0-20170510074858-97311d9f7767 h1:Nk2R0tWpD2RdkQ+53zE6kWnSGuhQyDlnOs2MPiqVubE=
github.com/mattn/go-runewidth v0.0.0-20170510074858-97311d9f7767/go.mod h1:LwmH8dsx7+W8Uxz3IHJYH5QSwggIsqBzpuz5H//U1FU=
github.com/olekukonko/tablewriter v0.0.0-20170719101040-be5337e7b39e h1:TXm3cxcAmTO1Gp9W7QK0DeczE8vgXJDUyPPjEXViZ3Y=
github.com/olekukonko/tablewriter v0.0.0-20170719101040-be5337e7b39e/go.mod h1:vsDQFd/mU46D+Z4whnwzcISnGGzXWMclvtLoiIKAKIo=
github.com/pkg/errors v0.0.0-20170505043639-c605e284fe17 h1:chPfVn+gpAM5CTpTyVU9j8J+xgRGwmoDlNDLjKnJiYo=
github.com/pkg/errors v0.0.0-20170505043639-c605e284fe17/go.mod h1:bwawxfHBFNV+L2hUp1rHADufV3IMtnDRdf1r5NINEl0=
github.com/pmezard/go-difflib v1.0.0 h1:4DBwDE0NGyQoBHbLQYPwSUPoCMWR5BEzIk/f1lZbAQM=
github.com/pmezard/go-difflib v1.0.0/go.mod h1:iKH77koFhYxTK1pcRnkKkqfTogsbg7gZNVY4sRDYZ/4=
github.com/stretchr/objx v0.1.0/go.mod h1:HFkY916IF+rwdDfMAkV7OtwuqBVzrE8GR6GFx+wExME=
github.com/stretchr/testify v1.4.0 h1:2E4SXV/wtOkTonXsotYi4li6zVWxYlZuYNCXe9XRJyk=
github.com/stretchr/testify v1.4.0/go.mod h1:j7eGeouHqKxXV5pUuKE4zz7dFj8WfuZ+81PSLYec5m4=
golang.org/x/sys v0.0.0-20170817234608-43e60d72a8e2 h1:90z1vgEVOG718nzy69KGhEtYepBetip3OSWJjMnI8Bw=
golang.org/x/sys v0.0.0-20170817234608-43e60d72a8e2/go.mod h1:STP8DvDyc/dI5b8T5hshtkjS+E42TnysNCUPdjciGhY=
gopkg.in/check.v1 v0.0.0-20161208181325-20d25e280405 h1:yhCVgyC4o1eVCa2tZl7eS0r+SDo693bJlVdllGtEeKM=
gopkg.in/check.v1 v0.0.0-20161208181325-20d25e280405/go.mod h1:Co6ibVJAznAaIkqp8huTwlJQCZ016jof/cbN4VW5Yz0=
gopkg.in/yaml.v2 v2.2.2 h1:ZCJp+EgiOT7lHqUV2J862kp8Qj64Jo6az82+3Td9dZw=
gopkg.in/yaml.v2 v2.2.2/go.mod h1:hI93XBmqTisBFMUTm0b8Fm+jr3Dg1NNxqwp+5A1VGuI=
